%{
  "artificery": {:hex, :artificery, "0.4.3", "0bc4260f988dcb9dda4b23f9fc3c6c8b99a6220a331534fdf5bf2fd0d4333b02", [:mix], [], "hexpm", "12e95333a30e20884e937abdbefa3e7f5e05609c2ba8cf37b33f000b9ffc0504"},
  "distillery": {:hex, :distillery, "2.1.1", "f9332afc2eec8a1a2b86f22429e068ef35f84a93ea1718265e740d90dd367814", [:mix], [{:artificery, "~> 0.2", [hex: :artificery, repo: "hexpm", optional: false]}], "hexpm", "bbc7008b0161a6f130d8d903b5b3232351fccc9c31a991f8fcbf2a12ace22995"},
  "jason": {:hex, :jason, "1.2.1", "12b22825e22f468c02eb3e4b9985f3d0cb8dc40b9bd704730efa11abd2708c44", [:mix], [{:decimal, "~> 1.0", [hex: :decimal, repo: "hexpm", optional: true]}], "hexpm", "b659b8571deedf60f79c5a608e15414085fa141344e2716fbd6988a084b5f993"},
  "json": {:hex, :json, "1.3.0", "2c6bac5303713d1b43ca6f3c881767f57b2adf668cde3013bd7157dc65ef299c", [:mix], [], "hexpm", "8bce413fb25234e46e61f363a36ad07dcce53227982dc64e2721b6e40eda7981"},
}
